{"authoritative_builder":false,"bash_version_policy":{"derivation":"candidate policy derived from exact target-matching Step-8 host sample; must be independently revalidated on both required VM installation variants","launcher_absolute_path":"/bin/bash","patchlevel_policy":"any-within-required-major-minor","policy_id":"ubuntu-24.04-x86_64-bash-major-minor-v1","required_major_minor":"5.2","required_vm_revalidation":["server","server-minimized"],"sample":{"architecture":"x86_64","bash_sha256":"bc5945feb8bd26203ebfafea5ce1878bb2e32cb8fb50ab7ae395cfb1e1aaaef1","bash_version_stdout":"GNU bash, version 5.2.21(1)-release (x86_64-pc-linux-gnu)\nCopyright (C) 2022 Free Software Foundation, Inc.\nLicense GPLv3+: GNU GPL version 3 or later <http://gnu.org/licenses/gpl.html>\n\nThis is free software; you are free to change and redistribute it.\nThere is NO WARRANTY, to the extent permitted by law.\n","os_id":"ubuntu","os_release_canonical_path":"/usr/lib/os-release","os_release_invoked_path":"/etc/os-release","os_release_sha256":"01af466feb100306498c86aa6bad1815e33036019aa34d4362c20f374ea5c829","os_version_id":"24.04"},"target_id":"ubuntu-24.04-x86_64"},"build_contract_sha256":"aeae0d190aa1e6bec97629e332873c1a9b829c2a2d0975f82215fdfc044ea1a9","build_runtime":{"builder_runtime_root_sha256":"e7f0408048efdcc3b534b12d25240b7da3b59ce3fae037a23972f675d9eec963","canonical_path":"step7b0/phase-c/build-runtime-v2.json","contract_version":"build-runtime-v2","final_applicable_substate_universe_sha256":"aa7ec4d5d25ddc737036ac3d7f605f4a33be15d4a41650616d8e12089b0648b0","sha256":"7cec342e7b04d0a320025ea7751e432e32019a5e3d91051b7c92ab9d39a81b03"},"build_sandbox":{"profile":{"mount_operations_before_candidate":[["/usr/bin/mount","--make-rprivate","/"],["/usr/bin/mount","--bind","<project-root>","<project-root>"],["/usr/bin/mount","-o","remount,bind,ro","<project-root>"]],"network_namespace":"isolated-loopback-only","profile_id":"phase-b-v4-unshare-mount-sandbox-v1","project_root_read_only":true,"source":"exact successful Phase-B attempt3 preflight/launch mechanism","staging_root":"explicit-external-empty","unshare_argv_prefix":["/usr/bin/unshare","--user","--map-root-user","--mount","--net","--fork"]},"tool_identities":[{"canonical_path":"/usr/bin/unshare","invoked_path":"/usr/bin/unshare","sha256":"51bcc77ba5db162c80028f861f0a2770d728c1de80773816d863f28d7a817adb","version_argv":["/usr/bin/unshare","--version"],"version_returncode":0,"version_stderr":"","version_stdout":"unshare из util-linux 2.39.3"},{"canonical_path":"/usr/bin/mount","invoked_path":"/usr/bin/mount","sha256":"ac5aa68d34add5a33ae81ac3a971aea677c4032d768aab5a3c4c2707f728885e","version_argv":["/usr/bin/mount","--version"],"version_returncode":0,"version_stderr":"","version_stdout":"mount from util-linux 2.39.3 (libmount 2.39.3: selinux, smack, btrfs, verity, namespaces, idmapping, statx, assert, debug)"}]},"builder_interpreter":{"canonical_flags":["-I","-S","-B"],"exact_executable_path_inside_builder_runtime_root":"/usr/bin/python3.12","path_selection_authority":"runtime-root-absolute-only-no-PATH","sha256":"1643dacd9feaedc58f3cc581e4d22577dfe25c09b10282936186ccf0f2e61118","version":"Python 3.12.3"},"builder_runtime_root_sha256":"e7f0408048efdcc3b534b12d25240b7da3b59ce3fae037a23972f675d9eec963","candidate_sha256":"d8ca2be032fc8ebdfec6087c00e445353cf5efd26d40a3d11b0d5ed86554676f","exact_executable_paths_inside_builder_runtime_root":["/usr/bin/python3.12"],"migration_from_toolchain_lock_v1_sha256":"e6372207c094fa2f035c97699f9fe1cadc5972944c91395e570465ebb14cd3ff","phase_b_source_evidence":{"bootstrap_closure_sha256":"44d9b5b08ffa8bf3d1f3cf55de1c6edc7b375e0eda113d6035c452fb2eca0e96","dynamic_closure_sha256":"24d888263492bfa23c526cb9218e3861d61f15117bde636bf3a1552e5ab5f6e4","phase_b_audit_archive_sha256":"b8404ddff8764cde86e56b91eec614fc6bdcb4eebe4db0f18de93a948ef978b9","phase_b_evidence_manifest_sha256":"e147528bd1649bb8a74d2dd66ae5248be2a0f85ab6266c3b29f9d7043ea2c479","runtime_root_descriptor_sha256":"ce0ddae382fe382e7a0a10cde519cf32d46bccb46e72aaaff7b535f540dfc5f3","runtime_root_plan_sha256":"4a5c7339ad44bb6c81d8c983b61229b169460824ba8528a47b58fa9b680225a8"},"publication_allowed":false,"runtime_observer":{"build_dependency_observer_identity":{"executable_absolute_path":"/usr/bin/strace","executable_sha256":"28f957c227012de0b18d1bd7fff2d396cb693ea60ed8013be68de071e84b5001","execution_identity_kind":"binary_closure","observer_contract_path":"step7b0/phase-a/observer/build-dependency-observer-v1.json","observer_contract_sha256":"6fe8f4ad56406c28da511b4e7806a70a8faba79633cfe824169f6f2cf317f711","observer_identity_contract_version":"build-dependency-observer-execution-identity-v1","observer_identity_id":"step7b0-item9-strace-binary-closure-v1","observer_tool_name":"strace","observer_tool_version":"strace -- version 6.8","parser_path":"step7b0/phase-a/observer/build-dependency-observer-parser-v1.py","parser_sha256":"fe5309500ef1f2be35c8f76c49c0a1dc7d0a60bd8e82bceddfeea7f17a381a15","profile_path":"step7b0/phase-a/observer/build-dependency-observer-profile-v1.json","profile_sha256":"a076927613f456eb9d56eae9ab0dfa841d9a5abb58e70265a6ee5e65c31baa05","runtime_members":[{"canonical_external_path":"/etc/ld.so.cache","runtime_member_kind":"config","sha256":"62c693e9d9bed2e0ebe27c87948ed5a30570eaf6a0b1fab4855dea650cf48787"},{"canonical_external_path":"/usr/lib/x86_64-linux-gnu/ld-linux-x86-64.so.2","runtime_member_kind":"loader","sha256":"cd4df4f3c7b83673d61189bf2eaebd33ca4f2853ab9772b8a25e025ef99b1e81"},{"canonical_external_path":"/usr/lib/x86_64-linux-gnu/libc.so.6","runtime_member_kind":"library","sha256":"8db37cf3f2169f59a0f07ef1fea308c35656668c64c8ff294e1860f4121eb161"},{"canonical_external_path":"/usr/lib/x86_64-linux-gnu/liblzma.so.5.4.5","runtime_member_kind":"library","sha256":"696e868dd0700a19a6d65fc01608ec2d70d3cb91f65710e89180cd2e688f30cb"},{"canonical_external_path":"/usr/lib/x86_64-linux-gnu/libunwind-ptrace.so.0.0.0","runtime_member_kind":"library","sha256":"ec993e45c024b66ea0f17085be1333001428dc714bd9f0520f44a0cde18b921b"},{"canonical_external_path":"/usr/lib/x86_64-linux-gnu/libunwind-x86_64.so.8.0.1","runtime_member_kind":"library","sha256":"70a88c376a1aced719ca7bdcd5cdd6c5d3bdce44b99f5ab2037fdad096bbf03d"},{"canonical_external_path":"/usr/lib/x86_64-linux-gnu/libunwind.so.8.0.1","runtime_member_kind":"library","sha256":"28e77a498f2f17f8cb883c91303f9901343ea0d8e34959d138dd462fcc9b201f"}],"runtime_members_sha256":"842cdce1d4d5d0fe09143c17274f34700868976121824ec091ab8c06747d4ae3"},"build_dependency_observer_identity_sha256":"345e30bcf82f2438937cf6194ebb4d9e513480d3ba48a9670c5bd272fd33bf55","identity_resolution_policy":"repeat exact admitted Phase-A item-9 identity; do not re-resolve","observer_classification_policy_sha256":"555d93dcea0d93505b188f40b4b80c7b292fef833c59770dba47210bb47cc5a0","observer_parser_sha256":"fe5309500ef1f2be35c8f76c49c0a1dc7d0a60bd8e82bceddfeea7f17a381a15","observer_profile_sha256":"a076927613f456eb9d56eae9ab0dfa841d9a5abb58e70265a6ee5e65c31baa05"},"serializer":{"external_to_builder":false,"identity_policy":"bound to frozen candidate source SHA"},"shellcheck":{"candidate_policy_test":{"negative_returncode":1,"positive_returncode":0},"config_canonical_path":"step7b0/phase-c/toolchain/shellcheck-v1.rc","config_sha256":"99a57fa560b3abce7f59eb7a45190e5666de34b624fd4adf30e07d8cf6f25eef","exact_args":["--rcfile=step7b0/phase-c/toolchain/shellcheck-v1.rc","--shell=bash","--severity=style"],"executable_sha256":"f35ae15a4677945428bdfe61ccc297490d89dd1e544cc06317102637638c6deb","release_archive_sha256":"6c881ab0698e4e6ea235245f22832860544f17ba386442fe7e9d629f8cbedf87","release_asset_url":"https://github.com/koalaman/shellcheck/releases/download/v0.10.0/shellcheck-v0.10.0.linux.x86_64.tar.xz","version":"0.10.0","working_directory_policy":"PROJECT_ROOT"},"target_id":"ubuntu-24.04-x86_64","toolchain_live_identity_observations":{"bash":{"argv":["/bin/bash","--version"],"returncode":0,"stderr":"","stdout":"GNU bash, версия 5.2.21(1)-release (x86_64-pc-linux-gnu)\nCopyright (C) 2022 Free Software Foundation, Inc.\nЛицензия GPLv3+: GNU GPL версии 3 или более поздней <http://gnu.org/licenses/gpl.html>\n\nЭто свободное программное обеспечение. Вы можете изменять и распространять его.\nНИКАКАЯ ГАРАНТИЯ не предоставляется в пределах, допускаемых законом."},"mount":{"argv":["/usr/bin/mount","--version"],"returncode":0,"stderr":"","stdout":"mount from util-linux 2.39.3 (libmount 2.39.3: selinux, smack, btrfs, verity, namespaces, idmapping, statx, assert, debug)"},"unshare":{"argv":["/usr/bin/unshare","--version"],"returncode":0,"stderr":"","stdout":"unshare из util-linux 2.39.3"}},"toolchain_lock_contract_version":"toolchain-lock-v2"}
