control_set_contract_version	control_id	index_id	canonical_control_path
step7b0-control-set-v1	FSTEC-LINUX-2022-2.4.1-DMESG-RESTRICT	SRC-0016	controls/fstec-core/linux-2022/fstec-linux-2022-2.4.1-dmesg-restrict.yaml
step7b0-control-set-v1	FSTEC-LINUX-2022-2.4.2-KPTR-RESTRICT	SRC-0017	controls/fstec-core/linux-2022/fstec-linux-2022-2.4.2-kptr-restrict.yaml
step7b0-control-set-v1	FSTEC-LINUX-2022-2.4.8-BPF-JIT-HARDEN	SRC-0023	controls/fstec-core/linux-2022/fstec-linux-2022-2.4.8-bpf-jit-harden.yaml
step7b0-control-set-v1	FSTEC-LINUX-2022-2.5.2-PERF-EVENT-PARANOID	SRC-0025	controls/fstec-core/linux-2022/fstec-linux-2022-2.5.2-perf-event-paranoid.yaml
step7b0-control-set-v1	FSTEC-LINUX-2022-2.5.4-KEXEC-LOAD-DISABLED	SRC-0027	controls/fstec-core/linux-2022/fstec-linux-2022-2.5.4-kexec-load-disabled.yaml
step7b0-control-set-v1	FSTEC-LINUX-2022-2.5.5-MAX-USER-NAMESPACES	SRC-0028	controls/fstec-core/linux-2022/fstec-linux-2022-2.5.5-max-user-namespaces.yaml
step7b0-control-set-v1	FSTEC-LINUX-2022-2.5.6-UNPRIVILEGED-BPF-DISABLED	SRC-0029	controls/fstec-core/linux-2022/fstec-linux-2022-2.5.6-unprivileged-bpf-disabled.yaml
step7b0-control-set-v1	FSTEC-LINUX-2022-2.6.1-PTRACE-SCOPE	SRC-0035	controls/fstec-core/linux-2022/fstec-linux-2022-2.6.1-ptrace-scope.yaml
